// !$*UTF8*$!
{
	archiveVersion = 1;
	classes = {
	};
	objectVersion = 46;
	objects = {

/* Begin PBXBuildFile section */
		F457817F1BDA812400E52B50 /* AppDelegate.swift in Sources */ = {isa = PBXBuildFile; fileRef = F457817E1BDA812400E52B50 /* AppDelegate.swift */; };
		F45781811BDA812400E52B50 /* ViewController.swift in Sources */ = {isa = PBXBuildFile; fileRef = F45781801BDA812400E52B50 /* ViewController.swift */; };
		F45781841BDA812400E52B50 /* Main.storyboard in Resources */ = {isa = PBXBuildFile; fileRef = F45781821BDA812400E52B50 /* Main.storyboard */; };
		F45781861BDA812400E52B50 /* Assets.xcassets in Resources */ = {isa = PBXBuildFile; fileRef = F45781851BDA812400E52B50 /* Assets.xcassets */; };
		F45781891BDA812400E52B50 /* LaunchScreen.storyboard in Resources */ = {isa = PBXBuildFile; fileRef = F45781871BDA812400E52B50 /* LaunchScreen.storyboard */; };
/* End PBXBuildFile section */

/* Begin PBXFileReference section */
		F457817B1BDA812400E52B50 /* Talking Calculator.app */ = {isa = PBXFileReference; explicitFileType = wrapper.application; includeInIndex = 0; path = "Talking Calculator.app"; sourceTree = BUILT_PRODUCTS_DIR; };
		F457817E1BDA812400E52B50 /* AppDelegate.swift */ = {isa = PBXFileReference; lastKnownFileType = sourcecode.swift; path = AppDelegate.swift; sourceTree = "<group>"; };
		F45781801BDA812400E52B50 /* ViewController.swift */ = {isa = PBXFileReference; lastKnownFileType = sourcecode.swift; path = ViewController.swift; sourceTree = "<group>"; };
		F45781831BDA812400E52B50 /* Base */ = {isa = PBXFileReference; lastKnownFileType = file.storyboard; name = Base; path = Base.lproj/Main.storyboard; sourceTree = "<group>"; };
		F45781851BDA812400E52B50 /* Assets.xcassets */ = {isa = PBXFileReference; lastKnownFileType = folder.assetcatalog; path = Assets.xcassets; sourceTree = "<group>"; };
		F45781881BDA812400E52B50 /* Base */ = {isa = PBXFileReference; lastKnownFileType = file.storyboard; name = Base; path = Base.lproj/LaunchScreen.storyboard; sourceTree = "<group>"; };
		F457818A1BDA812400E52B50 /* Info.plist */ = {isa = PBXFileReference; lastKnownFileType = text.plist.xml; path = Info.plist; sourceTree = "<group>"; };
/* End PBXFileReference section */

/* Begin PBXFrameworksBuildPhase section */
		F45781781BDA812400E52B50 /* Frameworks */ = {
			isa = PBXFrameworksBuildPhase;
			buildActionMask = 2147483647;
			files = (
			);
			runOnlyForDeploymentPostprocessing = 0;
		};
/* End PBXFrameworksBuildPhase section */

/* Begin PBXGroup section */
		F45781721BDA812400E52B50 = {
			isa = PBXGroup;
			children = (
				F457817D1BDA812400E52B50 /* Talking Calculator */,
				F457817C1BDA812400E52B50 /* Products */,
			);
			sourceTree = "<group>";
		};
		F457817C1BDA812400E52B50 /* Products */ = {
			isa = PBXGroup;
			children = (
				F457817B1BDA812400E52B50 /* Talking Calculator.app */,
			);
			name = Products;
			sourceTree = "<group>";
		};
		F457817D1BDA812400E52B50 /* Talking Calculator */ = {
			isa = PBXGroup;
			children = (
				F457817E1BDA812400E52B50 /* AppDelegate.swift */,
				F45781801BDA812400E52B50 /* ViewController.swift */,
				F45781821BDA812400E52B50 /* Main.storyboard */,
				F45781851BDA812400E52B50 /* Assets.xcassets */,
				F45781871BDA812400E52B50 /* LaunchScreen.storyboard */,
				F457818A1BDA812400E52B50 /* Info.plist */,
			);
			path = "Talking Calculator";
			sourceTree = "<group>";
		};
/* End PBXGroup section */

/* Begin PBXNativeTarget section */
		F457817A1BDA812400E52B50 /* Talking Calculator */ = {
			isa = PBXNativeTarget;
			buildConfigurationList = F457818D1BDA812400E52B50 /* Build configuration list for PBXNativeTarget "Talking Calculator" */;
			buildPhases = (
				F45781771BDA812400E52B50 /* Sources */,
				F45781781BDA812400E52B50 /* Frameworks */,
				F45781791BDA812400E52B50 /* Resources */,
			);
			buildRules = (
			);
			dependencies = (
			);
			name = "Talking Calculator";
			productName = "Talking Calculator";
			productReference = F457817B1BDA812400E52B50 /* Talking Calculator.app */;
			productType = "com.apple.product-type.application";
		};
/* End PBXNativeTarget section */

/* Begin PBXProject section */
		F45781731BDA812400E52B50 /* Project object */ = {
			isa = PBXProject;
			attributes = {
				LastSwiftUpdateCheck = 0710;
				LastUpgradeCheck = 0710;
				ORGANIZATIONNAME = Student;
				TargetAttributes = {
					F457817A1BDA812400E52B50 = {
						CreatedOnToolsVersion = 7.1;
					};
				};
			};
			buildConfigurationList = F45781761BDA812400E52B50 /* Build configuration list for PBXProject "Talking Calculator" */;
			compatibilityVersion = "Xcode 3.2";
			developmentRegion = English;
			hasScannedForEncodings = 0;
			knownRegions = (
				en,
				Base,
			);
			mainGroup = F45781721BDA812400E52B50;
			productRefGroup = F457817C1BDA812400E52B50 /* Products */;
			projectDirPath = "";
			projectRoot = "";
			targets = (
				F457817A1BDA812400E52B50 /* Talking Calculator */,
			);
		};
/* End PBXProject section */

/* Begin PBXResourcesBuildPhase section */
		F45781791BDA812400E52B50 /* Resources */ = {
			isa = PBXResourcesBuildPhase;
			buildActionMask = 2147483647;
			files = (
				F45781891BDA812400E52B50 /* LaunchScreen.storyboard in Resources */,
				F45781861BDA812400E52B50 /* Assets.xcassets in Resources */,
				F45781841BDA812400E52B50 /* Main.storyboard in Resources */,
			);
			runOnlyForDeploymentPostprocessing = 0;
		};
/* End PBXResourcesBuildPhase section */

/* Begin PBXSourcesBuildPhase section */
		F45781771BDA812400E52B50 /* Sources */ = {
			isa = PBXSourcesBuildPhase;
			buildActionMask = 2147483647;
			files = (
				F45781811BDA812400E52B50 /* ViewController.swift in Sources */,
				F457817F1BDA812400E52B50 /* AppDelegate.swift in Sources */,
			);
			runOnlyForDeploymentPostprocessing = 0;
		};
/* End PBXSourcesBuildPhase section */

/* Begin PBXVariantGroup section */
		F45781821BDA812400E52B50 /* Main.storyboard */ = {
			isa = PBXVariantGroup;
			children = (
				F45781831BDA812400E52B50 /* Base */,
			);
			name = Main.storyboard;
			sourceTree = "<group>";
		};
		F45781871BDA812400E52B50 /* LaunchScreen.storyboard */ = {
			isa = PBXVariantGroup;
			children = (
				F45781881BDA812400E52B50 /* Base */,
			);
			name = LaunchScreen.storyboard;
			sourceTree = "<group>";
		};
/* End PBXVariantGroup section */

/* Begin XCBuildConfiguration section */
		F457818B1BDA812400E52B50 /* Debug */ = {
			isa = XCBuildConfiguration;
			buildSettings = {
				ALWAYS_SEARCH_USER_PATHS = NO;
				CLANG_CXX_LANGUAGE_STANDARD = "gnu++0x";
				CLANG_CXX_LIBRARY = "libc++";
				CLANG_ENABLE_MODULES = YES;
				CLANG_ENABLE_OBJC_ARC = YES;
				CLANG_WARN_BOOL_CONVERSION = YES;
				CLANG_WARN_CONSTANT_CONVERSION = YES;
				CLANG_WARN_DIRECT_OBJC_ISA_USAGE = YES_ERROR;
				CLANG_WARN_EMPTY_BODY = YES;
				CLANG_WARN_ENUM_CONVERSION = YES;
				CLANG_WARN_INT_CONVERSION = YES;
				CLANG_WARN_OBJC_ROOT_CLASS = YES_ERROR;
				CLANG_WARN_UNREACHABLE_CODE = YES;
				CLANG_WARN__DUPLICATE_METHOD_MATCH = YES;
				"CODE_SIGN_IDENTITY[sdk=iphoneos*]" = "iPhone Developer";
				COPY_PHASE_STRIP = NO;
				DEBUG_INFORMATION_FORMAT = dwarf;
				ENABLE_STRICT_OBJC_MSGSEND = YES;
				ENABLE_TESTABILITY = YES;
				GCC_C_LANGUAGE_STANDARD = gnu99;
				GCC_DYNAMIC_NO_PIC = NO;
				GCC_NO_COMMON_BLOCKS = YES;
				GCC_OPTIMIZATION_LEVEL = 0;
				GCC_PREPROCESSOR_DEFINITIONS = (
					"DEBUG=1",
					"$(inherited)",
				);
				GCC_WARN_64_TO_32_BIT_CONVERSION = YES;
				GCC_WARN_ABOUT_RETURN_TYPE = YES_ERROR;
				GCC_WARN_UNDECLARED_SELECTOR = YES;
				GCC_WARN_UNINITIALIZED_AUTOS = YES_AGGRESSIVE;
				GCC_WARN_UNUSED_FUNCTION = YES;
				GCC_WARN_UNUSED_VARIABLE = YES;
				IPHONEOS_DEPLOYMENT_TARGET = 9.1;
				MTL_ENABLE_DEBUG_INFO = YES;
				ONLY_ACTIVE_ARCH = YES;
				SDKROOT = iphoneos;
				SWIFT_OPTIMIZATION_LEVEL = "-Onone";
			};
			name = Debug;
		};
		F457818C1BDA812400E52B50 /* Release */ = {
			isa = XCBuildConfiguration;
			buildSettings = {
				ALWAYS_SEARCH_USER_PATHS = NO;
				CLANG_CXX_LANGUAGE_STANDARD = "gnu++0x";
				CLANG_CXX_LIBRARY = "libc++";
				CLANG_ENABLE_MODULES = YES;
				CLANG_ENABLE_OBJC_ARC = YES;
				CLANG_WARN_BOOL_CONVERSION = YES;
				CLANG_WARN_CONSTANT_CONVERSION = YES;
				CLANG_WARN_DIRECT_OBJC_ISA_USAGE = YES_ERROR;
				CLANG_WARN_EMPTY_BODY = YES;
				CLANG_WARN_ENUM_CONVERSION = YES;
				CLANG_WARN_INT_CONVERSION = YES;
				CLANG_WARN_OBJC_ROOT_CLASS = YES_ERROR;
				CLANG_WARN_UNREACHABLE_CODE = YES;
				CLANG_WARN__DUPLICATE_METHOD_MATCH = YES;
				"CODE_SIGN_IDENTITY[sdk=iphoneos*]" = "iPhone Developer";
				COPY_PHASE_STRIP = NO;
				DEBUG_INFORMATION_FORMAT = "dwarf-with-dsym";
				ENABLE_NS_ASSERTIONS = NO;
				ENABLE_STRICT_OBJC_MSGSEND = YES;
				GCC_C_LANGUAGE_STANDARD = gnu99;
				GCC_NO_COMMON_BLOCKS = YES;
				GCC_WARN_64_TO_32_BIT_CONVERSION = YES;
				GCC_WARN_ABOUT_RETURN_TYPE = YES_ERROR;
				GCC_WARN_UNDECLARED_SELECTOR = YES;
				GCC_WARN_UNINITIALIZED_AUTOS = YES_AGGRESSIVE;
				GCC_WARN_UNUSED_FUNCTION = YES;
				GCC_WARN_UNUSED_VARIABLE = YES;
				IPHONEOS_DEPLOYMENT_TARGET = 9.1;
				MTL_ENABLE_DEBUG_INFO = NO;
				SDKROOT = iphoneos;
				VALIDATE_PRODUCT = YES;
			};
			name = Release;
		};
		F457818E1BDA812400E52B50 /* Debug */ = {
			isa = XCBuildConfiguration;
			buildSettings = {
				ASSETCATALOG_COMPILER_APPICON_NAME = AppIcon;
				INFOPLIST_FILE = "Talking Calculator/Info.plist";
				IPHONEOS_DEPLOYMENT_TARGET = 9.0;
				LD_RUNPATH_SEARCH_PATHS = "$(inherited) @executable_path/Frameworks";
				PRODUCT_BUNDLE_IDENTIFIER = "TreyH.Talking-Calculator";
				PRODUCT_NAME = "$(TARGET_NAME)";
			};
			name = Debug;
		};
		F457818F1BDA812400E52B50 /* Release */ = {
			isa = XCBuildConfiguration;
			buildSettings = {
				ASSETCATALOG_COMPILER_APPICON_NAME = AppIcon;
				INFOPLIST_FILE = "Talking Calculator/Info.plist";
				IPHONEOS_DEPLOYMENT_TARGET = 9.0;
				LD_RUNPATH_SEARCH_PATHS = "$(inherited) @executable_path/Frameworks";
				PRODUCT_BUNDLE_IDENTIFIER = "TreyH.Talking-Calculator";
				PRODUCT_NAME = "$(TARGET_NAME)";
			};
			name = Release;
		};
/* End XCBuildConfiguration section */

/* Begin XCConfigurationList section */
		F45781761BDA812400E52B50 /* Build configuration list for PBXProject "Talking Calculator" */ = {
			isa = XCConfigurationList;
			buildConfigurations = (
				F457818B1BDA812400E52B50 /* Debug */,
				F457818C1BDA812400E52B50 /* Release */,
			);
			defaultConfigurationIsVisible = 0;
			defaultConfigurationName = Release;
		};
		F457818D1BDA812400E52B50 /* Build configuration list for PBXNativeTarget "Talking Calculator" */ = {
			isa = XCConfigurationList;
			buildConfigurations = (
				F457818E1BDA812400E52B50 /* Debug */,
				F457818F1BDA812400E52B50 /* Release */,
			);
			defaultConfigurationIsVisible = 0;
		};
/* End XCConfigurationList section */
	};
	rootObject = F45781731BDA812400E52B50 /* Project object */;
}
